{
  "version": 4,
  "terraform_version": "1.13.4",
  "serial": 26,
  "lineage": "150f516e-08d5-ba9c-8b6f-2881b2f4df95",
  "outputs": {
    "benchmark_inference": {
      "value": "# Port-forward to access vLLM locally:\nkubectl port-forward -n inference svc/vllm-serving 8000:8000\n    \n# Test OpenAI-compatible API:\ncurl http://localhost:8000/v1/completions \\\\\n  -H \"Content-Type: application/json\" \\\\\n  -d '{\n    \"model\": \"finetuned-model\",\n    \"prompt\": \"What is function calling?\",\n    \"max_tokens\": 100,\n    \"temperature\": 0.7\n  }'\n    \n# Run load test (16-32 concurrent requests):\n# Use tools like: locust, k6, or Python asyncio\n# Measure TTFT (time-to-first-token) and end-to-end latency\n",
      "type": "string"
    },
    "cluster_endpoint": {
      "value": "https://pu.mk8scluster-e00x3y9vqbpsy033z6.mk8s.eu-north1.nebius.cloud:443",
      "type": "string"
    },
    "configure_kubectl": {
      "value": "nebius mk8s v1 cluster get-credentials --id mk8scluster-e00x3y9vqbpsy033z6 --external",
      "type": "string"
    },
    "kube_cluster": {
      "value": {
        "endpoints": {
          "private_endpoint": "https://pr.mk8scluster-e00x3y9vqbpsy033z6.mk8s.eu-north1.nebius.cloud:443",
          "public_endpoint": "https://pu.mk8scluster-e00x3y9vqbpsy033z6.mk8s.eu-north1.nebius.cloud:443"
        },
        "id": "mk8scluster-e00x3y9vqbpsy033z6",
        "name": "k8s-training-p5f6zZ"
      },
      "type": [
        "object",
        {
          "endpoints": [
            "object",
            {
              "private_endpoint": "string",
              "public_endpoint": "string"
            }
          ],
          "id": "string",
          "name": "string"
        }
      ]
    },
    "mlflow_access": {
      "value": "# Port-forward to access MLflow UI locally:\nkubectl port-forward -n mlflow svc/mlflow-server 5000:5000\n    \n# Then open: http://localhost:5000\n    \n# Or use ClusterIP from within pods:\n# MLFLOW_TRACKING_URI=http://mlflow-server.mlflow.svc.cluster.local:5000\n",
      "type": "string"
    },
    "mlflow_service": {
      "value": {
        "namespace": "mlflow",
        "service_name": null,
        "tracking_uri": null
      },
      "type": [
        "object",
        {
          "namespace": "string",
          "service_name": "dynamic",
          "tracking_uri": "string"
        }
      ]
    },
    "verify_cluster": {
      "value": "# Configure kubectl\nnebius mk8s v1 cluster get-credentials --id mk8scluster-e00x3y9vqbpsy033z6 --external\n    \n# Verify cluster\nkubectl cluster-info\nkubectl get nodes\n    \n# Check GPU nodes\nkubectl get nodes -l library-solution=k8s-training\nkubectl describe node -l library-solution=k8s-training | grep -i gpu\n",
      "type": "string"
    },
    "vllm_inference": {
      "value": {
        "endpoint": null,
        "namespace": "inference",
        "openai_api": null,
        "service_name": null
      },
      "type": [
        "object",
        {
          "endpoint": "string",
          "namespace": "string",
          "openai_api": "string",
          "service_name": "dynamic"
        }
      ]
    }
  },
  "resources": [
    {
      "mode": "data",
      "type": "nebius_iam_v1_group",
      "name": "editors",
      "provider": "provider[\"terraform-provider.storage.eu-north1.nebius.cloud/nebius/nebius\"]",
      "instances": []
    },
    {
      "mode": "managed",
      "type": "helm_release",
      "name": "kuberay_operator",
      "provider": "provider[\"registry.terraform.io/hashicorp/helm\"]",
      "instances": []
    },
    {
      "mode": "managed",
      "type": "kubernetes_deployment",
      "name": "mlflow_server",
      "provider": "provider[\"registry.terraform.io/hashicorp/kubernetes\"]",
      "instances": [
        {
          "schema_version": 1,
          "attributes": {
            "id": "mlflow/mlflow-server",
            "metadata": [
              {
                "annotations": {},
                "generate_name": "",
                "generation": 1,
                "labels": {
                  "app": "mlflow-server"
                },
                "name": "mlflow-server",
                "namespace": "mlflow",
                "resource_version": "7041",
                "uid": "b11a9ae9-f547-4295-9992-bc7603d25dd9"
              }
            ],
            "spec": [
              {
                "min_ready_seconds": 0,
                "paused": false,
                "progress_deadline_seconds": 600,
                "replicas": "1",
                "revision_history_limit": 10,
                "selector": [
                  {
                    "match_expressions": [],
                    "match_labels": {
                      "app": "mlflow-server"
                    }
                  }
                ],
                "strategy": [
                  {
                    "rolling_update": [
                      {
                        "max_surge": "25%",
                        "max_unavailable": "25%"
                      }
                    ],
                    "type": "RollingUpdate"
                  }
                ],
                "template": [
                  {
                    "metadata": [
                      {
                        "annotations": {},
                        "generate_name": "",
                        "generation": 0,
                        "labels": {
                          "app": "mlflow-server"
                        },
                        "name": "",
                        "namespace": "",
                        "resource_version": "",
                        "uid": ""
                      }
                    ],
                    "spec": [
                      {
                        "active_deadline_seconds": 0,
                        "affinity": [],
                        "automount_service_account_token": true,
                        "container": [
                          {
                            "args": [
                              "--backend-store-uri",
                              "postgresql://mlflow:mlflow-change-me@postgresql:5432/mlflow",
                              "--default-artifact-root",
                              "file:///mlflow-artifacts",
                              "--host",
                              "0.0.0.0",
                              "--port",
                              "5000",
                              "--serve-artifacts"
                            ],
                            "command": [
                              "mlflow",
                              "server"
                            ],
                            "env": [
                              {
                                "name": "MLFLOW_TRACKING_URI",
                                "value": "http://mlflow-server:5000",
                                "value_from": []
                              }
                            ],
                            "env_from": [],
                            "image": "ghcr.io/mlflow/mlflow:v2.14.1",
                            "image_pull_policy": "IfNotPresent",
                            "lifecycle": [],
                            "liveness_probe": [
                              {
                                "exec": [],
                                "failure_threshold": 3,
                                "grpc": [],
                                "http_get": [
                                  {
                                    "host": "",
                                    "http_header": [],
                                    "path": "/health",
                                    "port": "5000",
                                    "scheme": "HTTP"
                                  }
                                ],
                                "initial_delay_seconds": 30,
                                "period_seconds": 10,
                                "success_threshold": 1,
                                "tcp_socket": [],
                                "timeout_seconds": 1
                              }
                            ],
                            "name": "mlflow",
                            "port": [
                              {
                                "container_port": 5000,
                                "host_ip": "",
                                "host_port": 0,
                                "name": "http",
                                "protocol": "TCP"
                              }
                            ],
                            "readiness_probe": [
                              {
                                "exec": [],
                                "failure_threshold": 3,
                                "grpc": [],
                                "http_get": [
                                  {
                                    "host": "",
                                    "http_header": [],
                                    "path": "/health",
                                    "port": "5000",
                                    "scheme": "HTTP"
                                  }
                                ],
                                "initial_delay_seconds": 10,
                                "period_seconds": 5,
                                "success_threshold": 1,
                                "tcp_socket": [],
                                "timeout_seconds": 1
                              }
                            ],
                            "resources": [
                              {
                                "limits": {
                                  "cpu": "2",
                                  "memory": "4Gi"
                                },
                                "requests": {
                                  "cpu": "1",
                                  "memory": "2Gi"
                                }
                              }
                            ],
                            "security_context": [],
                            "startup_probe": [],
                            "stdin": false,
                            "stdin_once": false,
                            "termination_message_path": "/dev/termination-log",
                            "termination_message_policy": "File",
                            "tty": false,
                            "volume_device": [],
                            "volume_mount": [
                              {
                                "mount_path": "/mlflow-artifacts",
                                "mount_propagation": "None",
                                "name": "mlflow-artifacts",
                                "read_only": false,
                                "sub_path": "",
                                "sub_path_expr": ""
                              }
                            ],
                            "working_dir": ""
                          }
                        ],
                        "dns_config": [],
                        "dns_policy": "ClusterFirst",
                        "enable_service_links": true,
                        "host_aliases": [],
                        "host_ipc": false,
                        "host_network": false,
                        "host_pid": false,
                        "hostname": "",
                        "image_pull_secrets": [],
                        "init_container": [],
                        "node_name": "",
                        "node_selector": {},
                        "os": [],
                        "priority_class_name": "",
                        "readiness_gate": [],
                        "restart_policy": "Always",
                        "runtime_class_name": "",
                        "scheduler_name": "default-scheduler",
                        "security_context": [],
                        "service_account_name": "",
                        "share_process_namespace": false,
                        "subdomain": "",
                        "termination_grace_period_seconds": 30,
                        "toleration": [],
                        "topology_spread_constraint": [],
                        "volume": [
                          {
                            "aws_elastic_block_store": [],
                            "azure_disk": [],
                            "azure_file": [],
                            "ceph_fs": [],
                            "cinder": [],
                            "config_map": [],
                            "csi": [],
                            "downward_api": [],
                            "empty_dir": [],
                            "ephemeral": [],
                            "fc": [],
                            "flex_volume": [],
                            "flocker": [],
                            "gce_persistent_disk": [],
                            "git_repo": [],
                            "glusterfs": [],
                            "host_path": [],
                            "iscsi": [],
                            "local": [],
                            "name": "mlflow-artifacts",
                            "nfs": [],
                            "persistent_volume_claim": [
                              {
                                "claim_name": "mlflow-artifacts-pvc",
                                "read_only": false
                              }
                            ],
                            "photon_persistent_disk": [],
                            "projected": [],
                            "quobyte": [],
                            "rbd": [],
                            "secret": [],
                            "vsphere_volume": []
                          }
                        ]
                      }
                    ]
                  }
                ]
              }
            ],
            "timeouts": null,
            "wait_for_rollout": null
          },
          "sensitive_attributes": [],
          "identity_schema_version": 1,
          "identity": {
            "api_version": "apps/v1",
            "kind": "Deployment",
            "name": "mlflow-server",
            "namespace": "mlflow"
          },
          "private": "eyJlMmJmYjczMC1lY2FhLTExZTYtOGY4OC0zNDM2M2JjN2M0YzAiOnsiY3JlYXRlIjo2MDAwMDAwMDAwMDAsImRlbGV0ZSI6NjAwMDAwMDAwMDAwLCJ1cGRhdGUiOjYwMDAwMDAwMDAwMH0sInNjaGVtYV92ZXJzaW9uIjoiMSJ9"
        }
      ]
    },
    {
      "mode": "managed",
      "type": "kubernetes_deployment",
      "name": "postgresql",
      "provider": "provider[\"registry.terraform.io/hashicorp/kubernetes\"]",
      "instances": [
        {
          "schema_version": 1,
          "attributes": {
            "id": "mlflow/postgresql",
            "metadata": [
              {
                "annotations": null,
                "generate_name": "",
                "generation": 1,
                "labels": {
                  "app": "postgresql"
                },
                "name": "postgresql",
                "namespace": "mlflow",
                "resource_version": "2993",
                "uid": "e195d776-0b31-4711-b02a-5b13551cd7ee"
              }
            ],
            "spec": [
              {
                "min_ready_seconds": 0,
                "paused": false,
                "progress_deadline_seconds": 600,
                "replicas": "1",
                "revision_history_limit": 10,
                "selector": [
                  {
                    "match_expressions": [],
                    "match_labels": {
                      "app": "postgresql"
                    }
                  }
                ],
                "strategy": [
                  {
                    "rolling_update": [
                      {
                        "max_surge": "25%",
                        "max_unavailable": "25%"
                      }
                    ],
                    "type": "RollingUpdate"
                  }
                ],
                "template": [
                  {
                    "metadata": [
                      {
                        "annotations": null,
                        "generate_name": "",
                        "generation": 0,
                        "labels": {
                          "app": "postgresql"
                        },
                        "name": "",
                        "namespace": "",
                        "resource_version": "",
                        "uid": ""
                      }
                    ],
                    "spec": [
                      {
                        "active_deadline_seconds": 0,
                        "affinity": [],
                        "automount_service_account_token": true,
                        "container": [
                          {
                            "args": null,
                            "command": null,
                            "env": [
                              {
                                "name": "POSTGRES_DB",
                                "value": "mlflow",
                                "value_from": []
                              },
                              {
                                "name": "POSTGRES_USER",
                                "value": "mlflow",
                                "value_from": []
                              },
                              {
                                "name": "POSTGRES_PASSWORD",
                                "value": "mlflow-change-me",
                                "value_from": []
                              }
                            ],
                            "env_from": [],
                            "image": "postgres:16-alpine",
                            "image_pull_policy": "IfNotPresent",
                            "lifecycle": [],
                            "liveness_probe": [
                              {
                                "exec": [],
                                "failure_threshold": 3,
                                "grpc": [],
                                "http_get": [],
                                "initial_delay_seconds": 20,
                                "period_seconds": 10,
                                "success_threshold": 1,
                                "tcp_socket": [
                                  {
                                    "port": "5432"
                                  }
                                ],
                                "timeout_seconds": 1
                              }
                            ],
                            "name": "postgresql",
                            "port": [
                              {
                                "container_port": 5432,
                                "host_ip": "",
                                "host_port": 0,
                                "name": "tcp-postgresql",
                                "protocol": "TCP"
                              }
                            ],
                            "readiness_probe": [
                              {
                                "exec": [],
                                "failure_threshold": 3,
                                "grpc": [],
                                "http_get": [],
                                "initial_delay_seconds": 5,
                                "period_seconds": 5,
                                "success_threshold": 1,
                                "tcp_socket": [
                                  {
                                    "port": "5432"
                                  }
                                ],
                                "timeout_seconds": 1
                              }
                            ],
                            "resources": [
                              {
                                "limits": {
                                  "cpu": "500m",
                                  "memory": "512Mi"
                                },
                                "requests": {
                                  "cpu": "100m",
                                  "memory": "128Mi"
                                }
                              }
                            ],
                            "security_context": [],
                            "startup_probe": [],
                            "stdin": false,
                            "stdin_once": false,
                            "termination_message_path": "/dev/termination-log",
                            "termination_message_policy": "File",
                            "tty": false,
                            "volume_device": [],
                            "volume_mount": [
                              {
                                "mount_path": "/var/lib/postgresql/data",
                                "mount_propagation": "None",
                                "name": "data",
                                "read_only": false,
                                "sub_path": "pgdata",
                                "sub_path_expr": ""
                              }
                            ],
                            "working_dir": ""
                          }
                        ],
                        "dns_config": [],
                        "dns_policy": "ClusterFirst",
                        "enable_service_links": true,
                        "host_aliases": [],
                        "host_ipc": false,
                        "host_network": false,
                        "host_pid": false,
                        "hostname": "",
                        "image_pull_secrets": [],
                        "init_container": [],
                        "node_name": "",
                        "node_selector": null,
                        "os": [],
                        "priority_class_name": "",
                        "readiness_gate": [],
                        "restart_policy": "Always",
                        "runtime_class_name": "",
                        "scheduler_name": "default-scheduler",
                        "security_context": [],
                        "service_account_name": "",
                        "share_process_namespace": false,
                        "subdomain": "",
                        "termination_grace_period_seconds": 30,
                        "toleration": [],
                        "topology_spread_constraint": [],
                        "volume": [
                          {
                            "aws_elastic_block_store": [],
                            "azure_disk": [],
                            "azure_file": [],
                            "ceph_fs": [],
                            "cinder": [],
                            "config_map": [],
                            "csi": [],
                            "downward_api": [],
                            "empty_dir": [],
                            "ephemeral": [],
                            "fc": [],
                            "flex_volume": [],
                            "flocker": [],
                            "gce_persistent_disk": [],
                            "git_repo": [],
                            "glusterfs": [],
                            "host_path": [],
                            "iscsi": [],
                            "local": [],
                            "name": "data",
                            "nfs": [],
                            "persistent_volume_claim": [
                              {
                                "claim_name": "postgresql-data-pvc",
                                "read_only": false
                              }
                            ],
                            "photon_persistent_disk": [],
                            "projected": [],
                            "quobyte": [],
                            "rbd": [],
                            "secret": [],
                            "vsphere_volume": []
                          }
                        ]
                      }
                    ]
                  }
                ]
              }
            ],
            "timeouts": null,
            "wait_for_rollout": true
          },
          "sensitive_attributes": [],
          "identity_schema_version": 1,
          "identity": {
            "api_version": "apps/v1",
            "kind": "Deployment",
            "name": "postgresql",
            "namespace": "mlflow"
          },
          "private": "eyJlMmJmYjczMC1lY2FhLTExZTYtOGY4OC0zNDM2M2JjN2M0YzAiOnsiY3JlYXRlIjo2MDAwMDAwMDAwMDAsImRlbGV0ZSI6NjAwMDAwMDAwMDAwLCJ1cGRhdGUiOjYwMDAwMDAwMDAwMH0sInNjaGVtYV92ZXJzaW9uIjoiMSJ9",
          "dependencies": [
            "kubernetes_persistent_volume_claim.postgresql_data",
            "nebius_mk8s_v1_cluster.k8s-cluster",
            "nebius_vpc_v1_network.training_network",
            "nebius_vpc_v1_subnet.training_subnet",
            "random_string.random"
          ]
        }
      ]
    },
    {
      "mode": "managed",
      "type": "kubernetes_deployment",
      "name": "vllm_serving",
      "provider": "provider[\"registry.terraform.io/hashicorp/kubernetes\"]",
      "instances": [
        {
          "schema_version": 1,
          "attributes": {
            "id": "inference/vllm-serving",
            "metadata": [
              {
                "annotations": {},
                "generate_name": "",
                "generation": 1,
                "labels": {
                  "app": "vllm-serving"
                },
                "name": "vllm-serving",
                "namespace": "inference",
                "resource_version": "7311",
                "uid": "1f068ace-7e1d-411f-9a02-c1f2d6c3d0f8"
              }
            ],
            "spec": [
              {
                "min_ready_seconds": 0,
                "paused": false,
                "progress_deadline_seconds": 600,
                "replicas": "1",
                "revision_history_limit": 10,
                "selector": [
                  {
                    "match_expressions": [],
                    "match_labels": {
                      "app": "vllm-serving"
                    }
                  }
                ],
                "strategy": [
                  {
                    "rolling_update": [
                      {
                        "max_surge": "25%",
                        "max_unavailable": "25%"
                      }
                    ],
                    "type": "RollingUpdate"
                  }
                ],
                "template": [
                  {
                    "metadata": [
                      {
                        "annotations": {},
                        "generate_name": "",
                        "generation": 0,
                        "labels": {
                          "app": "vllm-serving"
                        },
                        "name": "",
                        "namespace": "",
                        "resource_version": "",
                        "uid": ""
                      }
                    ],
                    "spec": [
                      {
                        "active_deadline_seconds": 0,
                        "affinity": [],
                        "automount_service_account_token": true,
                        "container": [
                          {
                            "args": [
                              "--model",
                              "/models/finetuned-model",
                              "--port",
                              "8000",
                              "--host",
                              "0.0.0.0",
                              "--tensor-parallel-size",
                              "1",
                              "--gpu-memory-utilization",
                              "0.9",
                              "--max-model-len",
                              "4096",
                              "--enable-prefix-caching",
                              "--trust-remote-code"
                            ],
                            "command": [],
                            "env": [
                              {
                                "name": "CUDA_VISIBLE_DEVICES",
                                "value": "0",
                                "value_from": []
                              }
                            ],
                            "env_from": [],
                            "image": "vllm/vllm-openai:latest",
                            "image_pull_policy": "Always",
                            "lifecycle": [],
                            "liveness_probe": [
                              {
                                "exec": [],
                                "failure_threshold": 3,
                                "grpc": [],
                                "http_get": [
                                  {
                                    "host": "",
                                    "http_header": [],
                                    "path": "/health",
                                    "port": "8000",
                                    "scheme": "HTTP"
                                  }
                                ],
                                "initial_delay_seconds": 60,
                                "period_seconds": 30,
                                "success_threshold": 1,
                                "tcp_socket": [],
                                "timeout_seconds": 1
                              }
                            ],
                            "name": "vllm",
                            "port": [
                              {
                                "container_port": 8000,
                                "host_ip": "",
                                "host_port": 0,
                                "name": "http",
                                "protocol": "TCP"
                              }
                            ],
                            "readiness_probe": [
                              {
                                "exec": [],
                                "failure_threshold": 3,
                                "grpc": [],
                                "http_get": [
                                  {
                                    "host": "",
                                    "http_header": [],
                                    "path": "/health",
                                    "port": "8000",
                                    "scheme": "HTTP"
                                  }
                                ],
                                "initial_delay_seconds": 90,
                                "period_seconds": 10,
                                "success_threshold": 1,
                                "tcp_socket": [],
                                "timeout_seconds": 1
                              }
                            ],
                            "resources": [
                              {
                                "limits": {
                                  "cpu": "16",
                                  "memory": "200Gi"
                                },
                                "requests": {
                                  "cpu": "8",
                                  "memory": "100Gi"
                                }
                              }
                            ],
                            "security_context": [],
                            "startup_probe": [],
                            "stdin": false,
                            "stdin_once": false,
                            "termination_message_path": "/dev/termination-log",
                            "termination_message_policy": "File",
                            "tty": false,
                            "volume_device": [],
                            "volume_mount": [
                              {
                                "mount_path": "/models",
                                "mount_propagation": "None",
                                "name": "model-storage",
                                "read_only": true,
                                "sub_path": "",
                                "sub_path_expr": ""
                              }
                            ],
                            "working_dir": ""
                          }
                        ],
                        "dns_config": [],
                        "dns_policy": "ClusterFirst",
                        "enable_service_links": true,
                        "host_aliases": [],
                        "host_ipc": false,
                        "host_network": false,
                        "host_pid": false,
                        "hostname": "",
                        "image_pull_secrets": [],
                        "init_container": [],
                        "node_name": "",
                        "node_selector": {
                          "library-solution": "k8s-training"
                        },
                        "os": [],
                        "priority_class_name": "",
                        "readiness_gate": [],
                        "restart_policy": "Always",
                        "runtime_class_name": "",
                        "scheduler_name": "default-scheduler",
                        "security_context": [],
                        "service_account_name": "",
                        "share_process_namespace": false,
                        "subdomain": "",
                        "termination_grace_period_seconds": 30,
                        "toleration": [],
                        "topology_spread_constraint": [],
                        "volume": [
                          {
                            "aws_elastic_block_store": [],
                            "azure_disk": [],
                            "azure_file": [],
                            "ceph_fs": [],
                            "cinder": [],
                            "config_map": [],
                            "csi": [],
                            "downward_api": [],
                            "empty_dir": [],
                            "ephemeral": [],
                            "fc": [],
                            "flex_volume": [],
                            "flocker": [],
                            "gce_persistent_disk": [],
                            "git_repo": [],
                            "glusterfs": [],
                            "host_path": [],
                            "iscsi": [],
                            "local": [],
                            "name": "model-storage",
                            "nfs": [],
                            "persistent_volume_claim": [
                              {
                                "claim_name": "model-storage-pvc",
                                "read_only": false
                              }
                            ],
                            "photon_persistent_disk": [],
                            "projected": [],
                            "quobyte": [],
                            "rbd": [],
                            "secret": [],
                            "vsphere_volume": []
                          }
                        ]
                      }
                    ]
                  }
                ]
              }
            ],
            "timeouts": null,
            "wait_for_rollout": null
          },
          "sensitive_attributes": [],
          "identity_schema_version": 1,
          "identity": {
            "api_version": "apps/v1",
            "kind": "Deployment",
            "name": "vllm-serving",
            "namespace": "inference"
          },
          "private": "eyJlMmJmYjczMC1lY2FhLTExZTYtOGY4OC0zNDM2M2JjN2M0YzAiOnsiY3JlYXRlIjo2MDAwMDAwMDAwMDAsImRlbGV0ZSI6NjAwMDAwMDAwMDAwLCJ1cGRhdGUiOjYwMDAwMDAwMDAwMH0sInNjaGVtYV92ZXJzaW9uIjoiMSJ9"
        }
      ]
    },
    {
      "mode": "managed",
      "type": "kubernetes_namespace",
      "name": "inference",
      "provider": "provider[\"registry.terraform.io/hashicorp/kubernetes\"]",
      "instances": [
        {
          "schema_version": 0,
          "attributes": {
            "id": "inference",
            "metadata": [
              {
                "annotations": null,
                "generate_name": "",
                "generation": 0,
                "labels": {
                  "library-solution": "k8s-training"
                },
                "name": "inference",
                "resource_version": "1509",
                "uid": "9f2d1c2c-f911-465e-a3c8-b4ead61ac80f"
              }
            ],
            "timeouts": null,
            "wait_for_default_service_account": false
          },
          "sensitive_attributes": [],
          "identity_schema_version": 1,
          "identity": {
            "api_version": "v1",
            "kind": "Namespace",
            "name": "inference"
          },
          "private": "eyJlMmJmYjczMC1lY2FhLTExZTYtOGY4OC0zNDM2M2JjN2M0YzAiOnsiZGVsZXRlIjozMDAwMDAwMDAwMDB9fQ==",
          "dependencies": [
            "nebius_mk8s_v1_cluster.k8s-cluster",
            "nebius_vpc_v1_network.training_network",
            "nebius_vpc_v1_subnet.training_subnet",
            "random_string.random"
          ]
        }
      ]
    },
    {
      "mode": "managed",
      "type": "kubernetes_namespace",
      "name": "kuberay",
      "provider": "provider[\"registry.terraform.io/hashicorp/kubernetes\"]",
      "instances": []
    },
    {
      "mode": "managed",
      "type": "kubernetes_namespace",
      "name": "mlflow",
      "provider": "provider[\"registry.terraform.io/hashicorp/kubernetes\"]",
      "instances": [
        {
          "schema_version": 0,
          "attributes": {
            "id": "mlflow",
            "metadata": [
              {
                "annotations": null,
                "generate_name": "",
                "generation": 0,
                "labels": {
                  "library-solution": "k8s-training"
                },
                "name": "mlflow",
                "resource_version": "1508",
                "uid": "60cf0cf1-41e7-4509-b1bd-e96038f5b41d"
              }
            ],
            "timeouts": null,
            "wait_for_default_service_account": false
          },
          "sensitive_attributes": [],
          "identity_schema_version": 1,
          "identity": {
            "api_version": "v1",
            "kind": "Namespace",
            "name": "mlflow"
          },
          "private": "eyJlMmJmYjczMC1lY2FhLTExZTYtOGY4OC0zNDM2M2JjN2M0YzAiOnsiZGVsZXRlIjozMDAwMDAwMDAwMDB9fQ==",
          "dependencies": [
            "nebius_mk8s_v1_cluster.k8s-cluster",
            "nebius_vpc_v1_network.training_network",
            "nebius_vpc_v1_subnet.training_subnet",
            "random_string.random"
          ]
        }
      ]
    },
    {
      "mode": "managed",
      "type": "kubernetes_persistent_volume_claim",
      "name": "mlflow_artifacts",
      "provider": "provider[\"registry.terraform.io/hashicorp/kubernetes\"]",
      "instances": [
        {
          "schema_version": 0,
          "attributes": {
            "id": "mlflow/mlflow-artifacts-pvc",
            "metadata": [
              {
                "annotations": null,
                "generate_name": "",
                "generation": 0,
                "labels": null,
                "name": "mlflow-artifacts-pvc",
                "namespace": "mlflow",
                "resource_version": "1516",
                "uid": "67fbbbb2-40dd-4069-b671-dd4e6526f878"
              }
            ],
            "spec": [
              {
                "access_modes": [
                  "ReadWriteOnce"
                ],
                "resources": [
                  {
                    "limits": null,
                    "requests": {
                      "storage": "20Gi"
                    }
                  }
                ],
                "selector": [],
                "storage_class_name": "compute-csi-default-sc",
                "volume_mode": "Filesystem",
                "volume_name": ""
              }
            ],
            "timeouts": null,
            "wait_until_bound": false
          },
          "sensitive_attributes": [],
          "identity_schema_version": 0,
          "private": "eyJlMmJmYjczMC1lY2FhLTExZTYtOGY4OC0zNDM2M2JjN2M0YzAiOnsiY3JlYXRlIjozMDAwMDAwMDAwMDB9fQ==",
          "dependencies": [
            "nebius_mk8s_v1_cluster.k8s-cluster",
            "nebius_vpc_v1_network.training_network",
            "nebius_vpc_v1_subnet.training_subnet",
            "random_string.random"
          ]
        }
      ]
    },
    {
      "mode": "managed",
      "type": "kubernetes_persistent_volume_claim",
      "name": "model_storage",
      "provider": "provider[\"registry.terraform.io/hashicorp/kubernetes\"]",
      "instances": [
        {
          "schema_version": 0,
          "attributes": {
            "id": "inference/model-storage-pvc",
            "metadata": [
              {
                "annotations": null,
                "generate_name": "",
                "generation": 0,
                "labels": null,
                "name": "model-storage-pvc",
                "namespace": "inference",
                "resource_version": "1514",
                "uid": "58acf420-003a-4fa0-a452-ca6baf76ab06"
              }
            ],
            "spec": [
              {
                "access_modes": [
                  "ReadWriteOnce"
                ],
                "resources": [
                  {
                    "limits": null,
                    "requests": {
                      "storage": "50Gi"
                    }
                  }
                ],
                "selector": [],
                "storage_class_name": "compute-csi-default-sc",
                "volume_mode": "Filesystem",
                "volume_name": ""
              }
            ],
            "timeouts": null,
            "wait_until_bound": false
          },
          "sensitive_attributes": [],
          "identity_schema_version": 0,
          "private": "eyJlMmJmYjczMC1lY2FhLTExZTYtOGY4OC0zNDM2M2JjN2M0YzAiOnsiY3JlYXRlIjozMDAwMDAwMDAwMDB9fQ==",
          "dependencies": [
            "nebius_mk8s_v1_cluster.k8s-cluster",
            "nebius_vpc_v1_network.training_network",
            "nebius_vpc_v1_subnet.training_subnet",
            "random_string.random"
          ]
        }
      ]
    },
    {
      "mode": "managed",
      "type": "kubernetes_persistent_volume_claim",
      "name": "postgresql_data",
      "provider": "provider[\"registry.terraform.io/hashicorp/kubernetes\"]",
      "instances": [
        {
          "schema_version": 0,
          "attributes": {
            "id": "mlflow/postgresql-data-pvc",
            "metadata": [
              {
                "annotations": null,
                "generate_name": "",
                "generation": 0,
                "labels": null,
                "name": "postgresql-data-pvc",
                "namespace": "mlflow",
                "resource_version": "1517",
                "uid": "79dfcc08-cbfd-4615-bd45-b155ba97d12e"
              }
            ],
            "spec": [
              {
                "access_modes": [
                  "ReadWriteOnce"
                ],
                "resources": [
                  {
                    "limits": null,
                    "requests": {
                      "storage": "10Gi"
                    }
                  }
                ],
                "selector": [],
                "storage_class_name": "compute-csi-default-sc",
                "volume_mode": "Filesystem",
                "volume_name": ""
              }
            ],
            "timeouts": null,
            "wait_until_bound": false
          },
          "sensitive_attributes": [],
          "identity_schema_version": 0,
          "private": "eyJlMmJmYjczMC1lY2FhLTExZTYtOGY4OC0zNDM2M2JjN2M0YzAiOnsiY3JlYXRlIjozMDAwMDAwMDAwMDB9fQ==",
          "dependencies": [
            "nebius_mk8s_v1_cluster.k8s-cluster",
            "nebius_vpc_v1_network.training_network",
            "nebius_vpc_v1_subnet.training_subnet",
            "random_string.random"
          ]
        }
      ]
    },
    {
      "mode": "managed",
      "type": "kubernetes_persistent_volume_claim",
      "name": "training_data",
      "provider": "provider[\"registry.terraform.io/hashicorp/kubernetes\"]",
      "instances": [
        {
          "schema_version": 0,
          "attributes": {
            "id": "mlflow/training-data-pvc",
            "metadata": [
              {
                "annotations": null,
                "generate_name": "",
                "generation": 0,
                "labels": null,
                "name": "training-data-pvc",
                "namespace": "mlflow",
                "resource_version": "1515",
                "uid": "aa43e79f-9f8e-43ec-a534-7d29f0c72f63"
              }
            ],
            "spec": [
              {
                "access_modes": [
                  "ReadWriteMany"
                ],
                "resources": [
                  {
                    "limits": null,
                    "requests": {
                      "storage": "30Gi"
                    }
                  }
                ],
                "selector": [],
                "storage_class_name": "compute-csi-default-sc",
                "volume_mode": "Filesystem",
                "volume_name": ""
              }
            ],
            "timeouts": null,
            "wait_until_bound": false
          },
          "sensitive_attributes": [],
          "identity_schema_version": 0,
          "private": "eyJlMmJmYjczMC1lY2FhLTExZTYtOGY4OC0zNDM2M2JjN2M0YzAiOnsiY3JlYXRlIjozMDAwMDAwMDAwMDB9fQ==",
          "dependencies": [
            "nebius_mk8s_v1_cluster.k8s-cluster",
            "nebius_vpc_v1_network.training_network",
            "nebius_vpc_v1_subnet.training_subnet",
            "random_string.random"
          ]
        }
      ]
    },
    {
      "mode": "managed",
      "type": "kubernetes_service",
      "name": "postgresql",
      "provider": "provider[\"registry.terraform.io/hashicorp/kubernetes\"]",
      "instances": [
        {
          "schema_version": 1,
          "attributes": {
            "id": "mlflow/postgresql",
            "metadata": [
              {
                "annotations": null,
                "generate_name": "",
                "generation": 0,
                "labels": {
                  "app": "postgresql"
                },
                "name": "postgresql",
                "namespace": "mlflow",
                "resource_version": "3009",
                "uid": "61c39bfc-be84-43bf-a818-ff68cd6d2ca5"
              }
            ],
            "spec": [
              {
                "allocate_load_balancer_node_ports": true,
                "cluster_ip": "10.0.36.223",
                "cluster_ips": [
                  "10.0.36.223"
                ],
                "external_ips": null,
                "external_name": "",
                "external_traffic_policy": "",
                "health_check_node_port": 0,
                "internal_traffic_policy": "Cluster",
                "ip_families": [
                  "IPv4"
                ],
                "ip_family_policy": "SingleStack",
                "load_balancer_class": "",
                "load_balancer_ip": "",
                "load_balancer_source_ranges": null,
                "port": [
                  {
                    "app_protocol": "",
                    "name": "tcp-postgresql",
                    "node_port": 0,
                    "port": 5432,
                    "protocol": "TCP",
                    "target_port": "5432"
                  }
                ],
                "publish_not_ready_addresses": false,
                "selector": {
                  "app": "postgresql"
                },
                "session_affinity": "None",
                "session_affinity_config": [],
                "type": "ClusterIP"
              }
            ],
            "status": [
              {
                "load_balancer": [
                  {
                    "ingress": []
                  }
                ]
              }
            ],
            "timeouts": null,
            "wait_for_load_balancer": true
          },
          "sensitive_attributes": [],
          "identity_schema_version": 1,
          "identity": {
            "api_version": "v1",
            "kind": "Service",
            "name": "postgresql",
            "namespace": "mlflow"
          },
          "private": "eyJlMmJmYjczMC1lY2FhLTExZTYtOGY4OC0zNDM2M2JjN2M0YzAiOnsiY3JlYXRlIjo2MDAwMDAwMDAwMDB9LCJzY2hlbWFfdmVyc2lvbiI6IjEifQ==",
          "dependencies": [
            "kubernetes_deployment.postgresql",
            "kubernetes_persistent_volume_claim.postgresql_data",
            "nebius_mk8s_v1_cluster.k8s-cluster",
            "nebius_vpc_v1_network.training_network",
            "nebius_vpc_v1_subnet.training_subnet",
            "random_string.random"
          ]
        }
      ]
    },
    {
      "mode": "managed",
      "type": "nebius_compute_v1_filesystem",
      "name": "shared-filesystem",
      "provider": "provider[\"terraform-provider.storage.eu-north1.nebius.cloud/nebius/nebius\"]",
      "instances": [
        {
          "index_key": 0,
          "schema_version": 0,
          "attributes": {
            "block_size_bytes": 4096,
            "created_at": "2025-11-03T19:20:08.922695Z",
            "id": "computefilesystem-e00e87seprmw7yfexj",
            "labels": null,
            "metadata": {},
            "name": "filesystem-tf-p5f6zZ",
            "parent_id": "project-e00eahe5en101q5dmxeg8f",
            "resource_version": 1,
            "size_bytes": 53687091200,
            "size_gibibytes": null,
            "size_kibibytes": null,
            "size_mebibytes": null,
            "status": {
              "block_size_bytes": 4096,
              "read_only_attachments": null,
              "read_write_attachments": null,
              "reconciling": null,
              "size_bytes": 53687091200,
              "state": "READY",
              "state_description": null
            },
            "type": "NETWORK_SSD",
            "updated_at": null
          },
          "sensitive_attributes": [],
          "identity_schema_version": 0,
          "dependencies": [
            "random_string.random"
          ]
        }
      ]
    },
    {
      "mode": "managed",
      "type": "nebius_compute_v1_gpu_cluster",
      "name": "fabric_2",
      "provider": "provider[\"terraform-provider.storage.eu-north1.nebius.cloud/nebius/nebius\"]",
      "instances": []
    },
    {
      "mode": "managed",
      "type": "nebius_iam_v1_group_membership",
      "name": "k8s_node_group_sa-admin",
      "provider": "provider[\"terraform-provider.storage.eu-north1.nebius.cloud/nebius/nebius\"]",
      "instances": []
    },
    {
      "mode": "managed",
      "type": "nebius_iam_v1_service_account",
      "name": "k8s_node_group_sa",
      "provider": "provider[\"terraform-provider.storage.eu-north1.nebius.cloud/nebius/nebius\"]",
      "instances": []
    },
    {
      "mode": "managed",
      "type": "nebius_mk8s_v1_cluster",
      "name": "k8s-cluster",
      "provider": "provider[\"terraform-provider.storage.eu-north1.nebius.cloud/nebius/nebius\"]",
      "instances": [
        {
          "schema_version": 0,
          "attributes": {
            "control_plane": {
              "endpoints": {
                "public_endpoint": {}
              },
              "etcd_cluster_size": 3,
              "subnet_id": "vpcsubnet-e00drecr7g5hv14968",
              "version": null
            },
            "created_at": "2025-11-03T19:23:58Z",
            "id": "mk8scluster-e00x3y9vqbpsy033z6",
            "kube_network": {
              "service_cidrs": [
                "/24"
              ]
            },
            "labels": null,
            "metadata": {},
            "name": "k8s-training-p5f6zZ",
            "parent_id": "project-e00eahe5en101q5dmxeg8f",
            "resource_version": 1,
            "status": {
              "control_plane": {
                "auth": {
                  "cluster_ca_certificate": "-----BEGIN CERTIFICATE-----\nMIIC6jCCAdKgAwIBAgIBADANBgkqhkiG9w0BAQsFADAVMRMwEQYDVQQDEwprdWJl\ncm5ldGVzMB4XDTI1MTEwMzE5MTkxM1oXDTM1MTEwMTE5MjQxM1owFTETMBEGA1UE\nAxMKa3ViZXJuZXRlczCCASIwDQYJKoZIhvcNAQEBBQADggEPADCCAQoCggEBAK0r\nsr28jXFYlv3h9xaxtUKOExzYAEI1Sb8wi7HyLVpX1gdQQ790btXfAm6e2CTylVPV\nABD6z9XFA5cx/Hc+/kXc5UlLb2wjlWqQARZym/8Odq1ggQwJjDGEfMKe4z4KxHCz\nXYcFS6LJDnhzqfDrfOxvnKt91jmzOW3EMnHOIbRIxFD1ZfTdqpx/gLoENa8QCM2h\nGnEEPsNX+DDlD4Q6Mi20zMmFpa4QKpFgjk8ePDpkl0EiRkDAZau76x21jWWw68Vw\nSAv+rKb6Isb4D7cUL+S0DNBsnpNi/xpSWBsdrmjorteQ2ZfiKv0J7HLrlDhmJQT1\ndtaf5P+h8YeXaBjWf/sCAwEAAaNFMEMwDgYDVR0PAQH/BAQDAgKkMBIGA1UdEwEB\n/wQIMAYBAf8CAQAwHQYDVR0OBBYEFKLYBoozxZNJuCzNfTS4Un09ZanmMA0GCSqG\nSIb3DQEBCwUAA4IBAQAJ5RkZUlU2CToXkZt/fWJlLBJBZA7gIjrLCphPAepsfo5V\nyGa308Mbfk/+p4EveeRVMyBib1a9eZruLct61RIE28WMEW2vRklWwNmwUfnO8sXa\nMvIdc6owQ9xNgDYH62gdJUSpFWVCA2zYSjHddIXuT+R3/hhYVf3vQGKHhwqHeaJP\n9vEUDN4lFmvU7/MAfa/krU20kPbysawbyf1SXsOIVUAJFJjti+gP6Stcz9o3a/jc\nHWts2Gs6aqAUfHUbW1PLrhihfzaJuV58wnJAWo9ETux6kT53iUvD1C82Id8xquIq\nShVIYORLkTYeCNMcObN5OSR6hhzpwKOHELGaT7ow\n-----END CERTIFICATE-----\n"
                },
                "endpoints": {
                  "private_endpoint": "https://pr.mk8scluster-e00x3y9vqbpsy033z6.mk8s.eu-north1.nebius.cloud:443",
                  "public_endpoint": "https://pu.mk8scluster-e00x3y9vqbpsy033z6.mk8s.eu-north1.nebius.cloud:443"
                },
                "etcd_cluster_size": 3,
                "version": "1.32"
              },
              "reconciling": null,
              "state": "RUNNING"
            },
            "updated_at": "2025-11-03T19:23:58Z"
          },
          "sensitive_attributes": [],
          "identity_schema_version": 0,
          "dependencies": [
            "nebius_vpc_v1_network.training_network",
            "nebius_vpc_v1_subnet.training_subnet",
            "random_string.random"
          ]
        }
      ]
    },
    {
      "mode": "managed",
      "type": "nebius_mk8s_v1_node_group",
      "name": "cpu-only",
      "provider": "provider[\"terraform-provider.storage.eu-north1.nebius.cloud/nebius/nebius\"]",
      "instances": [
        {
          "schema_version": 0,
          "attributes": {
            "autoscaling": null,
            "created_at": "2025-11-03T19:31:58Z",
            "fixed_node_count": 2,
            "id": "mk8snodegroup-e00z76ypreh7gksarb",
            "labels": {
              "library-solution": "k8s-training"
            },
            "metadata": {},
            "name": "k8s-ng-cpu-p5f6zZ",
            "parent_id": "mk8scluster-e00x3y9vqbpsy033z6",
            "resource_version": 1,
            "status": {
              "conditions": null,
              "events": null,
              "node_count": 2,
              "outdated_node_count": null,
              "ready_node_count": 2,
              "reconciling": null,
              "state": "RUNNING",
              "target_node_count": 2,
              "version": "v1.32.9-nebius-node.49"
            },
            "strategy": null,
            "template": {
              "boot_disk": {
                "block_size_bytes": 0,
                "size_bytes": null,
                "size_gibibytes": 128,
                "size_kibibytes": null,
                "size_mebibytes": null,
                "type": "NETWORK_SSD"
              },
              "cloud_init_user_data": null,
              "filesystems": [
                {
                  "attach_mode": "READ_WRITE",
                  "existing_filesystem": {
                    "id": "computefilesystem-e00e87seprmw7yfexj"
                  },
                  "mount_tag": "data"
                }
              ],
              "gpu_cluster": null,
              "gpu_settings": null,
              "metadata": {
                "labels": null
              },
              "network_interfaces": [
                {
                  "public_ip_address": {},
                  "subnet_id": "vpcsubnet-e00drecr7g5hv14968"
                }
              ],
              "os": null,
              "preemptible": null,
              "resources": {
                "platform": "cpu-d3",
                "preset": "4vcpu-16gb"
              },
              "service_account_id": null,
              "taints": null
            },
            "updated_at": "2025-11-03T19:31:58Z",
            "version": null
          },
          "sensitive_attributes": [
            [
              {
                "type": "get_attr",
                "value": "template"
              },
              {
                "type": "get_attr",
                "value": "cloud_init_user_data"
              }
            ]
          ],
          "identity_schema_version": 0,
          "dependencies": [
            "nebius_compute_v1_filesystem.shared-filesystem",
            "nebius_iam_v1_service_account.k8s_node_group_sa",
            "nebius_mk8s_v1_cluster.k8s-cluster",
            "nebius_vpc_v1_network.training_network",
            "nebius_vpc_v1_subnet.training_subnet",
            "random_string.random"
          ]
        }
      ]
    },
    {
      "mode": "managed",
      "type": "nebius_mk8s_v1_node_group",
      "name": "gpu",
      "provider": "provider[\"terraform-provider.storage.eu-north1.nebius.cloud/nebius/nebius\"]",
      "instances": [
        {
          "index_key": 0,
          "schema_version": 0,
          "attributes": {
            "autoscaling": null,
            "created_at": "2025-11-03T19:31:58Z",
            "fixed_node_count": 1,
            "id": "mk8snodegroup-e00anamwzefmckm06k",
            "labels": {
              "library-solution": "k8s-training"
            },
            "metadata": {},
            "name": "k8s-ng-gpu-p5f6zZ-0",
            "parent_id": "mk8scluster-e00x3y9vqbpsy033z6",
            "resource_version": 1,
            "status": {
              "conditions": null,
              "events": null,
              "node_count": 1,
              "outdated_node_count": null,
              "ready_node_count": 1,
              "reconciling": null,
              "state": "RUNNING",
              "target_node_count": 1,
              "version": "v1.32.9-nebius-node.49"
            },
            "strategy": null,
            "template": {
              "boot_disk": {
                "block_size_bytes": 0,
                "size_bytes": null,
                "size_gibibytes": 1023,
                "size_kibibytes": null,
                "size_mebibytes": null,
                "type": "NETWORK_SSD"
              },
              "cloud_init_user_data": null,
              "filesystems": [
                {
                  "attach_mode": "READ_WRITE",
                  "existing_filesystem": {
                    "id": "computefilesystem-e00e87seprmw7yfexj"
                  },
                  "mount_tag": "data"
                }
              ],
              "gpu_cluster": null,
              "gpu_settings": null,
              "metadata": {
                "labels": {}
              },
              "network_interfaces": [
                {
                  "public_ip_address": null,
                  "subnet_id": "vpcsubnet-e00drecr7g5hv14968"
                }
              ],
              "os": null,
              "preemptible": null,
              "resources": {
                "platform": "gpu-h100-sxm",
                "preset": "1gpu-16vcpu-200gb"
              },
              "service_account_id": null,
              "taints": null
            },
            "updated_at": "2025-11-03T19:31:58Z",
            "version": null
          },
          "sensitive_attributes": [
            [
              {
                "type": "get_attr",
                "value": "template"
              },
              {
                "type": "get_attr",
                "value": "cloud_init_user_data"
              }
            ]
          ],
          "identity_schema_version": 0,
          "dependencies": [
            "nebius_compute_v1_filesystem.shared-filesystem",
            "nebius_compute_v1_gpu_cluster.fabric_2",
            "nebius_iam_v1_service_account.k8s_node_group_sa",
            "nebius_mk8s_v1_cluster.k8s-cluster",
            "nebius_vpc_v1_network.training_network",
            "nebius_vpc_v1_subnet.training_subnet",
            "random_string.random"
          ]
        }
      ]
    },
    {
      "mode": "managed",
      "type": "nebius_vpc_v1_network",
      "name": "training_network",
      "provider": "provider[\"terraform-provider.storage.eu-north1.nebius.cloud/nebius/nebius\"]",
      "instances": [
        {
          "schema_version": 0,
          "attributes": {
            "created_at": "2025-11-03T19:20:09.13864Z",
            "id": "vpcnetwork-e00g5wcstz231fja60",
            "ipv4_private_pools": {
              "pools": [
                {
                  "id": "vpcpool-e00xn5ne66hy64vaa6"
                }
              ]
            },
            "ipv4_public_pools": {
              "pools": [
                {
                  "id": "vpcpool-e00h7cf261tyvt5jgd"
                }
              ]
            },
            "labels": null,
            "metadata": {},
            "name": "k8s-training-network-p5f6zZ",
            "parent_id": "project-e00eahe5en101q5dmxeg8f",
            "resource_version": 3,
            "status": {
              "default_route_table_id": "vpcroutetable-e00yswm45nkxq0ss9c",
              "state": "READY"
            },
            "updated_at": "2025-11-03T19:20:10.532632Z"
          },
          "sensitive_attributes": [],
          "identity_schema_version": 0,
          "dependencies": [
            "random_string.random"
          ]
        }
      ]
    },
    {
      "mode": "managed",
      "type": "nebius_vpc_v1_subnet",
      "name": "training_subnet",
      "provider": "provider[\"terraform-provider.storage.eu-north1.nebius.cloud/nebius/nebius\"]",
      "instances": [
        {
          "schema_version": 0,
          "attributes": {
            "created_at": "2025-11-03T19:20:10.492993Z",
            "id": "vpcsubnet-e00drecr7g5hv14968",
            "ipv4_private_pools": {
              "pools": null,
              "use_network_pools": true
            },
            "ipv4_public_pools": {
              "pools": null,
              "use_network_pools": true
            },
            "labels": null,
            "metadata": {},
            "name": "k8s-training-subnet-p5f6zZ",
            "network_id": "vpcnetwork-e00g5wcstz231fja60",
            "parent_id": "project-e00eahe5en101q5dmxeg8f",
            "resource_version": 1,
            "route_table_id": null,
            "status": {
              "ipv4_private_cidrs": [
                "10.0.0.0/13"
              ],
              "ipv4_public_cidrs": null,
              "route_table": {
                "default": true,
                "id": "vpcroutetable-e00yswm45nkxq0ss9c"
              },
              "state": "READY"
            },
            "updated_at": null
          },
          "sensitive_attributes": [],
          "identity_schema_version": 0,
          "dependencies": [
            "nebius_vpc_v1_network.training_network",
            "random_string.random"
          ]
        }
      ]
    },
    {
      "mode": "managed",
      "type": "random_string",
      "name": "random",
      "provider": "provider[\"registry.terraform.io/hashicorp/random\"]",
      "instances": [
        {
          "schema_version": 2,
          "attributes": {
            "id": "p5f6zZ",
            "keepers": {
              "parent_id": "project-e00eahe5en101q5dmxeg8f"
            },
            "length": 6,
            "lower": true,
            "min_lower": 0,
            "min_numeric": 0,
            "min_special": 0,
            "min_upper": 0,
            "number": true,
            "numeric": true,
            "override_special": null,
            "result": "p5f6zZ",
            "special": false,
            "upper": true
          },
          "sensitive_attributes": [],
          "identity_schema_version": 0
        }
      ]
    },
    {
      "module": "module.gpu-operator[0]",
      "mode": "managed",
      "type": "nebius_applications_v1alpha1_k8s_release",
      "name": "this",
      "provider": "provider[\"terraform-provider.storage.eu-north1.nebius.cloud/nebius/nebius\"]",
      "instances": [
        {
          "schema_version": 0,
          "attributes": {
            "application_name": "gpu-operator",
            "cluster_id": "mk8scluster-e00x3y9vqbpsy033z6",
            "created_at": "2025-11-03T19:34:18.922318Z",
            "id": "applicationrelease-e00ajqa833dafj9x81",
            "labels": null,
            "metadata": {},
            "name": null,
            "namespace": "gpu-operator",
            "parent_id": "project-e00eahe5en101q5dmxeg8f",
            "product_slug": "nebius/nvidia-gpu-operator",
            "resource_version": 0,
            "sensitive": null,
            "set": {
              "dcgmExporter.enabled": "false",
              "dcgmExporter.serviceMonitor.enabled": "false",
              "dcgmExporter.serviceMonitor.honorLabels": null,
              "dcgmExporter.serviceMonitor.relabelings[0].action": null,
              "dcgmExporter.serviceMonitor.relabelings[0].regex": null,
              "dcgmExporter.serviceMonitor.relabelings[0].replacement": null,
              "dcgmExporter.serviceMonitor.relabelings[0].sourceLabels[0]": null,
              "dcgmExporter.serviceMonitor.relabelings[0].targetLabel": null,
              "mig.strategy": null
            },
            "status": {
              "error_message": null,
              "state": "DEPLOYED"
            },
            "updated_at": null,
            "values": null
          },
          "sensitive_attributes": [
            [
              {
                "type": "get_attr",
                "value": "sensitive"
              }
            ],
            [
              {
                "type": "get_attr",
                "value": "set"
              }
            ],
            [
              {
                "type": "get_attr",
                "value": "values"
              }
            ]
          ],
          "identity_schema_version": 0,
          "dependencies": [
            "module.network-operator.nebius_applications_v1alpha1_k8s_release.this",
            "nebius_compute_v1_filesystem.shared-filesystem",
            "nebius_compute_v1_gpu_cluster.fabric_2",
            "nebius_iam_v1_service_account.k8s_node_group_sa",
            "nebius_mk8s_v1_cluster.k8s-cluster",
            "nebius_mk8s_v1_node_group.cpu-only",
            "nebius_mk8s_v1_node_group.gpu",
            "nebius_vpc_v1_network.training_network",
            "nebius_vpc_v1_subnet.training_subnet",
            "random_string.random"
          ]
        }
      ]
    },
    {
      "module": "module.network-operator",
      "mode": "managed",
      "type": "nebius_applications_v1alpha1_k8s_release",
      "name": "this",
      "provider": "provider[\"terraform-provider.storage.eu-north1.nebius.cloud/nebius/nebius\"]",
      "instances": [
        {
          "schema_version": 0,
          "attributes": {
            "application_name": "network-operator",
            "cluster_id": "mk8scluster-e00x3y9vqbpsy033z6",
            "created_at": "2025-11-03T19:33:50.807997Z",
            "id": "applicationrelease-e00czts9j07fepdrfa",
            "labels": null,
            "metadata": {},
            "name": null,
            "namespace": "network-operator",
            "parent_id": "project-e00eahe5en101q5dmxeg8f",
            "product_slug": "nebius/nvidia-network-operator",
            "resource_version": 0,
            "sensitive": null,
            "set": {
              "operator.ofedDriver.livenessProbe.enabled": "false",
              "operator.resources.limits.cpu": "500m",
              "operator.resources.limits.memory": "1280Mi"
            },
            "status": {
              "error_message": null,
              "state": "DEPLOYED"
            },
            "updated_at": null,
            "values": null
          },
          "sensitive_attributes": [
            [
              {
                "type": "get_attr",
                "value": "sensitive"
              }
            ],
            [
              {
                "type": "get_attr",
                "value": "set"
              }
            ],
            [
              {
                "type": "get_attr",
                "value": "values"
              }
            ]
          ],
          "identity_schema_version": 0,
          "dependencies": [
            "nebius_compute_v1_filesystem.shared-filesystem",
            "nebius_compute_v1_gpu_cluster.fabric_2",
            "nebius_iam_v1_service_account.k8s_node_group_sa",
            "nebius_mk8s_v1_cluster.k8s-cluster",
            "nebius_mk8s_v1_node_group.cpu-only",
            "nebius_mk8s_v1_node_group.gpu",
            "nebius_vpc_v1_network.training_network",
            "nebius_vpc_v1_subnet.training_subnet",
            "random_string.random"
          ]
        }
      ]
    }
  ],
  "check_results": null
}
